{
  "name": "esm-example",
  "version": "1.0.0",
  "lockfileVersion": 1,
  "requires": true,
  "dependencies": {
    "i14e": {
      "version": "file:../../i14e-0.1.0.tgz",
      "integrity": "sha512-bikr35B39RvUbRT2KTox8rKFh/HTSLVYEP399O4ZYa/17OUx8i3PzgjFLRvWGegxrUP8hQ3qRQtgyyPpQxm0aA==",
      "dev": true
    }
  }
}
