{
  "name": "esm-example",
  "version": "1.0.0",
  "lockfileVersion": 1,
  "requires": true,
  "dependencies": {
    "i14e": {
      "version": "file:../../i14e-1.0.0-alpha.1.tgz",
      "integrity": "sha512-5tj74zS/KSB9fUX3QlF2Ll2BHzD8g9rinG7RS9xds0DulvJYrp6MQU0H9A3VS0lWE/w4nxgHnB2qqQJgoKEoZw==",
      "dev": true
    }
  }
}
